
Microsoft Visual Studio Solution File, Format Version 12.00
# Visual Studio Version 16
VisualStudioVersion = 16.0.30128.74
MinimumVisualStudioVersion = 10.0.40219.1
Project("{9A19103F-16F7-4668-BE54-9A1E7A4F7556}") = "StockMarket.AdminService", "StockMarket.AdminService\StockMarket.AdminService.csproj", "{D8FE9716-F963-4388-958F-A6698431E894}"
EndProject
Project("{9A19103F-16F7-4668-BE54-9A1E7A4F7556}") = "Models", "Models\Models.csproj", "{A0610E6B-6B6C-4C43-BFF6-9099A3A33F32}"
EndProject
Project("{9A19103F-16F7-4668-BE54-9A1E7A4F7556}") = "StockMarket.UserService", "StockMarket.UserService\StockMarket.UserService.csproj", "{96027603-B5E7-4FB5-A495-1F695E4A0CB6}"
EndProject
Project("{9A19103F-16F7-4668-BE54-9A1E7A4F7556}") = "StockMarket.AccountService", "StockMarket.AccountService\StockMarket.AccountService.csproj", "{6E6BF6C7-A6AE-43EA-9491-A57BFABBF5D9}"
EndProject
Project("{FAE04EC0-301F-11D3-BF4B-00C04F79EFBC}") = "StockMarket.Gateway", "StockMarket.Gateway\StockMarket.Gateway.csproj", "{3B734BE8-E93A-4841-8AF9-E00883E031D4}"
EndProject
Global
	GlobalSection(SolutionConfigurationPlatforms) = preSolution
		Debug|Any CPU = Debug|Any CPU
		Release|Any CPU = Release|Any CPU
	EndGlobalSection
	GlobalSection(ProjectConfigurationPlatforms) = postSolution
		{D8FE9716-F963-4388-958F-A6698431E894}.Debug|Any CPU.ActiveCfg = Debug|Any CPU
		{D8FE9716-F963-4388-958F-A6698431E894}.Debug|Any CPU.Build.0 = Debug|Any CPU
		{D8FE9716-F963-4388-958F-A6698431E894}.Release|Any CPU.ActiveCfg = Release|Any CPU
		{D8FE9716-F963-4388-958F-A6698431E894}.Release|Any CPU.Build.0 = Release|Any CPU
		{A0610E6B-6B6C-4C43-BFF6-9099A3A33F32}.Debug|Any CPU.ActiveCfg = Debug|Any CPU
		{A0610E6B-6B6C-4C43-BFF6-9099A3A33F32}.Debug|Any CPU.Build.0 = Debug|Any CPU
		{A0610E6B-6B6C-4C43-BFF6-9099A3A33F32}.Release|Any CPU.ActiveCfg = Release|Any CPU
		{A0610E6B-6B6C-4C43-BFF6-9099A3A33F32}.Release|Any CPU.Build.0 = Release|Any CPU
		{96027603-B5E7-4FB5-A495-1F695E4A0CB6}.Debug|Any CPU.ActiveCfg = Debug|Any CPU
		{96027603-B5E7-4FB5-A495-1F695E4A0CB6}.Debug|Any CPU.Build.0 = Debug|Any CPU
		{96027603-B5E7-4FB5-A495-1F695E4A0CB6}.Release|Any CPU.ActiveCfg = Release|Any CPU
		{96027603-B5E7-4FB5-A495-1F695E4A0CB6}.Release|Any CPU.Build.0 = Release|Any CPU
		{6E6BF6C7-A6AE-43EA-9491-A57BFABBF5D9}.Debug|Any CPU.ActiveCfg = Debug|Any CPU
		{6E6BF6C7-A6AE-43EA-9491-A57BFABBF5D9}.Debug|Any CPU.Build.0 = Debug|Any CPU
		{6E6BF6C7-A6AE-43EA-9491-A57BFABBF5D9}.Release|Any CPU.ActiveCfg = Release|Any CPU
		{6E6BF6C7-A6AE-43EA-9491-A57BFABBF5D9}.Release|Any CPU.Build.0 = Release|Any CPU
		{3B734BE8-E93A-4841-8AF9-E00883E031D4}.Debug|Any CPU.ActiveCfg = Debug|Any CPU
		{3B734BE8-E93A-4841-8AF9-E00883E031D4}.Debug|Any CPU.Build.0 = Debug|Any CPU
		{3B734BE8-E93A-4841-8AF9-E00883E031D4}.Release|Any CPU.ActiveCfg = Release|Any CPU
		{3B734BE8-E93A-4841-8AF9-E00883E031D4}.Release|Any CPU.Build.0 = Release|Any CPU
	EndGlobalSection
	GlobalSection(SolutionProperties) = preSolution
		HideSolutionNode = FALSE
	EndGlobalSection
	GlobalSection(ExtensibilityGlobals) = postSolution
		SolutionGuid = {CBDEECC3-F4C5-470C-BC67-E1A65B6B38E4}
	EndGlobalSection
EndGlobal
